// !$*UTF8*$!
{
	archiveVersion = 1;
	classes = {
	};
	objectVersion = 46;
	objects = {

/* Begin PBXBuildFile section */
		9A5744DD1D290AB300F66A93 /* AppDelegate.swift in Sources */ = {isa = PBXBuildFile; fileRef = 9A5744DC1D290AB300F66A93 /* AppDelegate.swift */; };
		9A5744DF1D290AB300F66A93 /* ViewController.swift in Sources */ = {isa = PBXBuildFile; fileRef = 9A5744DE1D290AB300F66A93 /* ViewController.swift */; };
		9A5744E21D290AB300F66A93 /* Main.storyboard in Resources */ = {isa = PBXBuildFile; fileRef = 9A5744E01D290AB300F66A93 /* Main.storyboard */; };
		9A5744E41D290AB300F66A93 /* Assets.xcassets in Resources */ = {isa = PBXBuildFile; fileRef = 9A5744E31D290AB300F66A93 /* Assets.xcassets */; };
		9A5744E71D290AB300F66A93 /* LaunchScreen.storyboard in Resources */ = {isa = PBXBuildFile; fileRef = 9A5744E51D290AB300F66A93 /* LaunchScreen.storyboard */; };
		9A5744F21D290AB300F66A93 /* HoverTests.swift in Sources */ = {isa = PBXBuildFile; fileRef = 9A5744F11D290AB300F66A93 /* HoverTests.swift */; };
		9A5744FD1D290AB300F66A93 /* HoverUITests.swift in Sources */ = {isa = PBXBuildFile; fileRef = 9A5744FC1D290AB300F66A93 /* HoverUITests.swift */; };
		9A57450D1D290AD900F66A93 /* AssetsLibrary.framework in Frameworks */ = {isa = PBXBuildFile; fileRef = 9A57450C1D290AD900F66A93 /* AssetsLibrary.framework */; };
		9A57450F1D290AE000F66A93 /* CoreGraphics.framework in Frameworks */ = {isa = PBXBuildFile; fileRef = 9A57450E1D290AE000F66A93 /* CoreGraphics.framework */; };
		9A5745121D290B9800F66A93 /* UIImage+OpenCV.mm in Sources */ = {isa = PBXBuildFile; fileRef = 9A5745111D290B9800F66A93 /* UIImage+OpenCV.mm */; };
		9A5745161D290C7600F66A93 /* CVWrapper.mm in Sources */ = {isa = PBXBuildFile; fileRef = 9A5745151D290C7600F66A93 /* CVWrapper.mm */; };
		A5E3827D1D29A259007BF32E /* opencv2.framework in Frameworks */ = {isa = PBXBuildFile; fileRef = A5E3827C1D29A259007BF32E /* opencv2.framework */; };
/* End PBXBuildFile section */

/* Begin PBXContainerItemProxy section */
		9A5744EE1D290AB300F66A93 /* PBXContainerItemProxy */ = {
			isa = PBXContainerItemProxy;
			containerPortal = 9A5744D11D290AB300F66A93 /* Project object */;
			proxyType = 1;
			remoteGlobalIDString = 9A5744D81D290AB300F66A93;
			remoteInfo = Hover;
		};
		9A5744F91D290AB300F66A93 /* PBXContainerItemProxy */ = {
			isa = PBXContainerItemProxy;
			containerPortal = 9A5744D11D290AB300F66A93 /* Project object */;
			proxyType = 1;
			remoteGlobalIDString = 9A5744D81D290AB300F66A93;
			remoteInfo = Hover;
		};
/* End PBXContainerItemProxy section */

/* Begin PBXFileReference section */
		9A5744D91D290AB300F66A93 /* Hover.app */ = {isa = PBXFileReference; explicitFileType = wrapper.application; includeInIndex = 0; path = Hover.app; sourceTree = BUILT_PRODUCTS_DIR; };
		9A5744DC1D290AB300F66A93 /* AppDelegate.swift */ = {isa = PBXFileReference; lastKnownFileType = sourcecode.swift; path = AppDelegate.swift; sourceTree = "<group>"; };
		9A5744DE1D290AB300F66A93 /* ViewController.swift */ = {isa = PBXFileReference; lastKnownFileType = sourcecode.swift; path = ViewController.swift; sourceTree = "<group>"; };
		9A5744E11D290AB300F66A93 /* Base */ = {isa = PBXFileReference; lastKnownFileType = file.storyboard; name = Base; path = Base.lproj/Main.storyboard; sourceTree = "<group>"; };
		9A5744E31D290AB300F66A93 /* Assets.xcassets */ = {isa = PBXFileReference; lastKnownFileType = folder.assetcatalog; path = Assets.xcassets; sourceTree = "<group>"; };
		9A5744E61D290AB300F66A93 /* Base */ = {isa = PBXFileReference; lastKnownFileType = file.storyboard; name = Base; path = Base.lproj/LaunchScreen.storyboard; sourceTree = "<group>"; };
		9A5744E81D290AB300F66A93 /* Info.plist */ = {isa = PBXFileReference; lastKnownFileType = text.plist.xml; path = Info.plist; sourceTree = "<group>"; };
		9A5744ED1D290AB300F66A93 /* HoverTests.xctest */ = {isa = PBXFileReference; explicitFileType = wrapper.cfbundle; includeInIndex = 0; path = HoverTests.xctest; sourceTree = BUILT_PRODUCTS_DIR; };
		9A5744F11D290AB300F66A93 /* HoverTests.swift */ = {isa = PBXFileReference; lastKnownFileType = sourcecode.swift; path = HoverTests.swift; sourceTree = "<group>"; };
		9A5744F31D290AB300F66A93 /* Info.plist */ = {isa = PBXFileReference; lastKnownFileType = text.plist.xml; path = Info.plist; sourceTree = "<group>"; };
		9A5744F81D290AB300F66A93 /* HoverUITests.xctest */ = {isa = PBXFileReference; explicitFileType = wrapper.cfbundle; includeInIndex = 0; path = HoverUITests.xctest; sourceTree = BUILT_PRODUCTS_DIR; };
		9A5744FC1D290AB300F66A93 /* HoverUITests.swift */ = {isa = PBXFileReference; lastKnownFileType = sourcecode.swift; path = HoverUITests.swift; sourceTree = "<group>"; };
		9A5744FE1D290AB300F66A93 /* Info.plist */ = {isa = PBXFileReference; lastKnownFileType = text.plist.xml; path = Info.plist; sourceTree = "<group>"; };
		9A57450C1D290AD900F66A93 /* AssetsLibrary.framework */ = {isa = PBXFileReference; lastKnownFileType = wrapper.framework; name = AssetsLibrary.framework; path = System/Library/Frameworks/AssetsLibrary.framework; sourceTree = SDKROOT; };
		9A57450E1D290AE000F66A93 /* CoreGraphics.framework */ = {isa = PBXFileReference; lastKnownFileType = wrapper.framework; name = CoreGraphics.framework; path = System/Library/Frameworks/CoreGraphics.framework; sourceTree = SDKROOT; };
		9A5745111D290B9800F66A93 /* UIImage+OpenCV.mm */ = {isa = PBXFileReference; fileEncoding = 4; lastKnownFileType = sourcecode.cpp.objcpp; path = "UIImage+OpenCV.mm"; sourceTree = "<group>"; };
		9A5745131D290BAC00F66A93 /* UIImage+OpenCV.h */ = {isa = PBXFileReference; fileEncoding = 4; lastKnownFileType = sourcecode.c.h; path = "UIImage+OpenCV.h"; sourceTree = "<group>"; };
		9A5745141D290C6100F66A93 /* CVWrapper.h */ = {isa = PBXFileReference; fileEncoding = 4; lastKnownFileType = sourcecode.c.h; path = CVWrapper.h; sourceTree = "<group>"; };
		9A5745151D290C7600F66A93 /* CVWrapper.mm */ = {isa = PBXFileReference; fileEncoding = 4; lastKnownFileType = sourcecode.cpp.objcpp; path = CVWrapper.mm; sourceTree = "<group>"; };
		9A5745171D290D5C00F66A93 /* Hover-Bridging-Header.h */ = {isa = PBXFileReference; lastKnownFileType = sourcecode.c.h; name = "Hover-Bridging-Header.h"; path = "Hover/Hover-Bridging-Header.h"; sourceTree = SOURCE_ROOT; };
		A5E3827C1D29A259007BF32E /* opencv2.framework */ = {isa = PBXFileReference; lastKnownFileType = wrapper.framework; path = opencv2.framework; sourceTree = "<group>"; };
/* End PBXFileReference section */

/* Begin PBXFrameworksBuildPhase section */
		9A5744D61D290AB300F66A93 /* Frameworks */ = {
			isa = PBXFrameworksBuildPhase;
			buildActionMask = 2147483647;
			files = (
				A5E3827D1D29A259007BF32E /* opencv2.framework in Frameworks */,
				9A57450F1D290AE000F66A93 /* CoreGraphics.framework in Frameworks */,
				9A57450D1D290AD900F66A93 /* AssetsLibrary.framework in Frameworks */,
			);
			runOnlyForDeploymentPostprocessing = 0;
		};
		9A5744EA1D290AB300F66A93 /* Frameworks */ = {
			isa = PBXFrameworksBuildPhase;
			buildActionMask = 2147483647;
			files = (
			);
			runOnlyForDeploymentPostprocessing = 0;
		};
		9A5744F51D290AB300F66A93 /* Frameworks */ = {
			isa = PBXFrameworksBuildPhase;
			buildActionMask = 2147483647;
			files = (
			);
			runOnlyForDeploymentPostprocessing = 0;
		};
/* End PBXFrameworksBuildPhase section */

/* Begin PBXGroup section */
		9A5744D01D290AB300F66A93 = {
			isa = PBXGroup;
			children = (
				9A5744DB1D290AB300F66A93 /* Hover */,
				9A5744F01D290AB300F66A93 /* HoverTests */,
				9A5744FB1D290AB300F66A93 /* HoverUITests */,
				9A5744DA1D290AB300F66A93 /* Products */,
				A5E3827C1D29A259007BF32E /* opencv2.framework */,
				9A57450C1D290AD900F66A93 /* AssetsLibrary.framework */,
				9A57450E1D290AE000F66A93 /* CoreGraphics.framework */,
			);
			sourceTree = "<group>";
		};
		9A5744DA1D290AB300F66A93 /* Products */ = {
			isa = PBXGroup;
			children = (
				9A5744D91D290AB300F66A93 /* Hover.app */,
				9A5744ED1D290AB300F66A93 /* HoverTests.xctest */,
				9A5744F81D290AB300F66A93 /* HoverUITests.xctest */,
			);
			name = Products;
			sourceTree = "<group>";
		};
		9A5744DB1D290AB300F66A93 /* Hover */ = {
			isa = PBXGroup;
			children = (
				9A5744DC1D290AB300F66A93 /* AppDelegate.swift */,
				9A5744DE1D290AB300F66A93 /* ViewController.swift */,
				9A5745111D290B9800F66A93 /* UIImage+OpenCV.mm */,
				9A5745141D290C6100F66A93 /* CVWrapper.h */,
				9A5745151D290C7600F66A93 /* CVWrapper.mm */,
				9A5745171D290D5C00F66A93 /* Hover-Bridging-Header.h */,
				9A5745131D290BAC00F66A93 /* UIImage+OpenCV.h */,
				9A5744E01D290AB300F66A93 /* Main.storyboard */,
				9A5744E31D290AB300F66A93 /* Assets.xcassets */,
				9A5744E51D290AB300F66A93 /* LaunchScreen.storyboard */,
				9A5744E81D290AB300F66A93 /* Info.plist */,
			);
			path = Hover;
			sourceTree = "<group>";
		};
		9A5744F01D290AB300F66A93 /* HoverTests */ = {
			isa = PBXGroup;
			children = (
				9A5744F11D290AB300F66A93 /* HoverTests.swift */,
				9A5744F31D290AB300F66A93 /* Info.plist */,
			);
			path = HoverTests;
			sourceTree = "<group>";
		};
		9A5744FB1D290AB300F66A93 /* HoverUITests */ = {
			isa = PBXGroup;
			children = (
				9A5744FC1D290AB300F66A93 /* HoverUITests.swift */,
				9A5744FE1D290AB300F66A93 /* Info.plist */,
			);
			path = HoverUITests;
			sourceTree = "<group>";
		};
/* End PBXGroup section */

/* Begin PBXNativeTarget section */
		9A5744D81D290AB300F66A93 /* Hover */ = {
			isa = PBXNativeTarget;
			buildConfigurationList = 9A5745011D290AB300F66A93 /* Build configuration list for PBXNativeTarget "Hover" */;
			buildPhases = (
				9A5744D51D290AB300F66A93 /* Sources */,
				9A5744D61D290AB300F66A93 /* Frameworks */,
				9A5744D71D290AB300F66A93 /* Resources */,
			);
			buildRules = (
			);
			dependencies = (
			);
			name = Hover;
			productName = Hover;
			productReference = 9A5744D91D290AB300F66A93 /* Hover.app */;
			productType = "com.apple.product-type.application";
		};
		9A5744EC1D290AB300F66A93 /* HoverTests */ = {
			isa = PBXNativeTarget;
			buildConfigurationList = 9A5745041D290AB300F66A93 /* Build configuration list for PBXNativeTarget "HoverTests" */;
			buildPhases = (
				9A5744E91D290AB300F66A93 /* Sources */,
				9A5744EA1D290AB300F66A93 /* Frameworks */,
				9A5744EB1D290AB300F66A93 /* Resources */,
			);
			buildRules = (
			);
			dependencies = (
				9A5744EF1D290AB300F66A93 /* PBXTargetDependency */,
			);
			name = HoverTests;
			productName = HoverTests;
			productReference = 9A5744ED1D290AB300F66A93 /* HoverTests.xctest */;
			productType = "com.apple.product-type.bundle.unit-test";
		};
		9A5744F71D290AB300F66A93 /* HoverUITests */ = {
			isa = PBXNativeTarget;
			buildConfigurationList = 9A5745071D290AB300F66A93 /* Build configuration list for PBXNativeTarget "HoverUITests" */;
			buildPhases = (
				9A5744F41D290AB300F66A93 /* Sources */,
				9A5744F51D290AB300F66A93 /* Frameworks */,
				9A5744F61D290AB300F66A93 /* Resources */,
			);
			buildRules = (
			);
			dependencies = (
				9A5744FA1D290AB300F66A93 /* PBXTargetDependency */,
			);
			name = HoverUITests;
			productName = HoverUITests;
			productReference = 9A5744F81D290AB300F66A93 /* HoverUITests.xctest */;
			productType = "com.apple.product-type.bundle.ui-testing";
		};
/* End PBXNativeTarget section */

/* Begin PBXProject section */
		9A5744D11D290AB300F66A93 /* Project object */ = {
			isa = PBXProject;
			attributes = {
				LastSwiftUpdateCheck = 0730;
				LastUpgradeCheck = 0730;
				ORGANIZATIONNAME = "Prachi Bodas";
				TargetAttributes = {
					9A5744D81D290AB300F66A93 = {
						CreatedOnToolsVersion = 7.3.1;
						DevelopmentTeam = 4S377L838K;
					};
					9A5744EC1D290AB300F66A93 = {
						CreatedOnToolsVersion = 7.3.1;
						TestTargetID = 9A5744D81D290AB300F66A93;
					};
					9A5744F71D290AB300F66A93 = {
						CreatedOnToolsVersion = 7.3.1;
						TestTargetID = 9A5744D81D290AB300F66A93;
					};
				};
			};
			buildConfigurationList = 9A5744D41D290AB300F66A93 /* Build configuration list for PBXProject "Hover" */;
			compatibilityVersion = "Xcode 3.2";
			developmentRegion = English;
			hasScannedForEncodings = 0;
			knownRegions = (
				en,
				Base,
			);
			mainGroup = 9A5744D01D290AB300F66A93;
			productRefGroup = 9A5744DA1D290AB300F66A93 /* Products */;
			projectDirPath = "";
			projectRoot = "";
			targets = (
				9A5744D81D290AB300F66A93 /* Hover */,
				9A5744EC1D290AB300F66A93 /* HoverTests */,
				9A5744F71D290AB300F66A93 /* HoverUITests */,
			);
		};
/* End PBXProject section */

/* Begin PBXResourcesBuildPhase section */
		9A5744D71D290AB300F66A93 /* Resources */ = {
			isa = PBXResourcesBuildPhase;
			buildActionMask = 2147483647;
			files = (
				9A5744E71D290AB300F66A93 /* LaunchScreen.storyboard in Resources */,
				9A5744E41D290AB300F66A93 /* Assets.xcassets in Resources */,
				9A5744E21D290AB300F66A93 /* Main.storyboard in Resources */,
			);
			runOnlyForDeploymentPostprocessing = 0;
		};
		9A5744EB1D290AB300F66A93 /* Resources */ = {
			isa = PBXResourcesBuildPhase;
			buildActionMask = 2147483647;
			files = (
			);
			runOnlyForDeploymentPostprocessing = 0;
		};
		9A5744F61D290AB300F66A93 /* Resources */ = {
			isa = PBXResourcesBuildPhase;
			buildActionMask = 2147483647;
			files = (
			);
			runOnlyForDeploymentPostprocessing = 0;
		};
/* End PBXResourcesBuildPhase section */

/* Begin PBXSourcesBuildPhase section */
		9A5744D51D290AB300F66A93 /* Sources */ = {
			isa = PBXSourcesBuildPhase;
			buildActionMask = 2147483647;
			files = (
				9A5744DF1D290AB300F66A93 /* ViewController.swift in Sources */,
				9A5745121D290B9800F66A93 /* UIImage+OpenCV.mm in Sources */,
				9A5745161D290C7600F66A93 /* CVWrapper.mm in Sources */,
				9A5744DD1D290AB300F66A93 /* AppDelegate.swift in Sources */,
			);
			runOnlyForDeploymentPostprocessing = 0;
		};
		9A5744E91D290AB300F66A93 /* Sources */ = {
			isa = PBXSourcesBuildPhase;
			buildActionMask = 2147483647;
			files = (
				9A5744F21D290AB300F66A93 /* HoverTests.swift in Sources */,
			);
			runOnlyForDeploymentPostprocessing = 0;
		};
		9A5744F41D290AB300F66A93 /* Sources */ = {
			isa = PBXSourcesBuildPhase;
			buildActionMask = 2147483647;
			files = (
				9A5744FD1D290AB300F66A93 /* HoverUITests.swift in Sources */,
			);
			runOnlyForDeploymentPostprocessing = 0;
		};
/* End PBXSourcesBuildPhase section */

/* Begin PBXTargetDependency section */
		9A5744EF1D290AB300F66A93 /* PBXTargetDependency */ = {
			isa = PBXTargetDependency;
			target = 9A5744D81D290AB300F66A93 /* Hover */;
			targetProxy = 9A5744EE1D290AB300F66A93 /* PBXContainerItemProxy */;
		};
		9A5744FA1D290AB300F66A93 /* PBXTargetDependency */ = {
			isa = PBXTargetDependency;
			target = 9A5744D81D290AB300F66A93 /* Hover */;
			targetProxy = 9A5744F91D290AB300F66A93 /* PBXContainerItemProxy */;
		};
/* End PBXTargetDependency section */

/* Begin PBXVariantGroup section */
		9A5744E01D290AB300F66A93 /* Main.storyboard */ = {
			isa = PBXVariantGroup;
			children = (
				9A5744E11D290AB300F66A93 /* Base */,
			);
			name = Main.storyboard;
			sourceTree = "<group>";
		};
		9A5744E51D290AB300F66A93 /* LaunchScreen.storyboard */ = {
			isa = PBXVariantGroup;
			children = (
				9A5744E61D290AB300F66A93 /* Base */,
			);
			name = LaunchScreen.storyboard;
			sourceTree = "<group>";
		};
/* End PBXVariantGroup section */

/* Begin XCBuildConfiguration section */
		9A5744FF1D290AB300F66A93 /* Debug */ = {
			isa = XCBuildConfiguration;
			buildSettings = {
				ALWAYS_SEARCH_USER_PATHS = NO;
				CLANG_ANALYZER_NONNULL = YES;
				CLANG_CXX_LANGUAGE_STANDARD = "gnu++0x";
				CLANG_CXX_LIBRARY = "libc++";
				CLANG_ENABLE_MODULES = YES;
				CLANG_ENABLE_OBJC_ARC = YES;
				CLANG_WARN_BOOL_CONVERSION = YES;
				CLANG_WARN_CONSTANT_CONVERSION = YES;
				CLANG_WARN_DIRECT_OBJC_ISA_USAGE = YES_ERROR;
				CLANG_WARN_EMPTY_BODY = YES;
				CLANG_WARN_ENUM_CONVERSION = YES;
				CLANG_WARN_INT_CONVERSION = YES;
				CLANG_WARN_OBJC_ROOT_CLASS = YES_ERROR;
				CLANG_WARN_UNREACHABLE_CODE = YES;
				CLANG_WARN__DUPLICATE_METHOD_MATCH = YES;
				"CODE_SIGN_IDENTITY[sdk=iphoneos*]" = "iPhone Developer";
				COPY_PHASE_STRIP = NO;
				DEBUG_INFORMATION_FORMAT = dwarf;
				ENABLE_STRICT_OBJC_MSGSEND = YES;
				ENABLE_TESTABILITY = YES;
				GCC_C_LANGUAGE_STANDARD = gnu99;
				GCC_DYNAMIC_NO_PIC = NO;
				GCC_NO_COMMON_BLOCKS = YES;
				GCC_OPTIMIZATION_LEVEL = 0;
				GCC_PREPROCESSOR_DEFINITIONS = (
					"DEBUG=1",
					"$(inherited)",
				);
				GCC_WARN_64_TO_32_BIT_CONVERSION = YES;
				GCC_WARN_ABOUT_RETURN_TYPE = YES_ERROR;
				GCC_WARN_UNDECLARED_SELECTOR = YES;
				GCC_WARN_UNINITIALIZED_AUTOS = YES_AGGRESSIVE;
				GCC_WARN_UNUSED_FUNCTION = YES;
				GCC_WARN_UNUSED_VARIABLE = YES;
				IPHONEOS_DEPLOYMENT_TARGET = 9.3;
				MTL_ENABLE_DEBUG_INFO = YES;
				ONLY_ACTIVE_ARCH = YES;
				SDKROOT = iphoneos;
				SWIFT_OPTIMIZATION_LEVEL = "-Onone";
			};
			name = Debug;
		};
		9A5745001D290AB300F66A93 /* Release */ = {
			isa = XCBuildConfiguration;
			buildSettings = {
				ALWAYS_SEARCH_USER_PATHS = NO;
				CLANG_ANALYZER_NONNULL = YES;
				CLANG_CXX_LANGUAGE_STANDARD = "gnu++0x";
				CLANG_CXX_LIBRARY = "libc++";
				CLANG_ENABLE_MODULES = YES;
				CLANG_ENABLE_OBJC_ARC = YES;
				CLANG_WARN_BOOL_CONVERSION = YES;
				CLANG_WARN_CONSTANT_CONVERSION = YES;
				CLANG_WARN_DIRECT_OBJC_ISA_USAGE = YES_ERROR;
				CLANG_WARN_EMPTY_BODY = YES;
				CLANG_WARN_ENUM_CONVERSION = YES;
				CLANG_WARN_INT_CONVERSION = YES;
				CLANG_WARN_OBJC_ROOT_CLASS = YES_ERROR;
				CLANG_WARN_UNREACHABLE_CODE = YES;
				CLANG_WARN__DUPLICATE_METHOD_MATCH = YES;
				"CODE_SIGN_IDENTITY[sdk=iphoneos*]" = "iPhone Developer";
				COPY_PHASE_STRIP = NO;
				DEBUG_INFORMATION_FORMAT = "dwarf-with-dsym";
				ENABLE_NS_ASSERTIONS = NO;
				ENABLE_STRICT_OBJC_MSGSEND = YES;
				GCC_C_LANGUAGE_STANDARD = gnu99;
				GCC_NO_COMMON_BLOCKS = YES;
				GCC_WARN_64_TO_32_BIT_CONVERSION = YES;
				GCC_WARN_ABOUT_RETURN_TYPE = YES_ERROR;
				GCC_WARN_UNDECLARED_SELECTOR = YES;
				GCC_WARN_UNINITIALIZED_AUTOS = YES_AGGRESSIVE;
				GCC_WARN_UNUSED_FUNCTION = YES;
				GCC_WARN_UNUSED_VARIABLE = YES;
				IPHONEOS_DEPLOYMENT_TARGET = 9.3;
				MTL_ENABLE_DEBUG_INFO = NO;
				SDKROOT = iphoneos;
				VALIDATE_PRODUCT = YES;
			};
			name = Release;
		};
		9A5745021D290AB300F66A93 /* Debug */ = {
			isa = XCBuildConfiguration;
			buildSettings = {
				ASSETCATALOG_COMPILER_APPICON_NAME = AppIcon;
				CODE_SIGN_IDENTITY = "iPhone Developer";
				"CODE_SIGN_IDENTITY[sdk=iphoneos*]" = "iPhone Developer";
				FRAMEWORK_SEARCH_PATHS = (
					"$(inherited)",
					"$(PROJECT_DIR)",
				);
				INFOPLIST_FILE = Hover/Info.plist;
				LD_RUNPATH_SEARCH_PATHS = "$(inherited) @executable_path/Frameworks";
				PRODUCT_BUNDLE_IDENTIFIER = com.prbodas;
				PRODUCT_NAME = "$(TARGET_NAME)";
				PROVISIONING_PROFILE = "";
				SWIFT_OBJC_BRIDGING_HEADER = "Hover/Hover-Bridging-Header.h";
			};
			name = Debug;
		};
		9A5745031D290AB300F66A93 /* Release */ = {
			isa = XCBuildConfiguration;
			buildSettings = {
				ASSETCATALOG_COMPILER_APPICON_NAME = AppIcon;
				CODE_SIGN_IDENTITY = "iPhone Developer";
				"CODE_SIGN_IDENTITY[sdk=iphoneos*]" = "iPhone Developer";
				FRAMEWORK_SEARCH_PATHS = (
					"$(inherited)",
					"$(PROJECT_DIR)",
				);
				INFOPLIST_FILE = Hover/Info.plist;
				LD_RUNPATH_SEARCH_PATHS = "$(inherited) @executable_path/Frameworks";
				PRODUCT_BUNDLE_IDENTIFIER = com.prbodas;
				PRODUCT_NAME = "$(TARGET_NAME)";
				PROVISIONING_PROFILE = "";
				SWIFT_OBJC_BRIDGING_HEADER = "Hover/Hover-Bridging-Header.h";
			};
			name = Release;
		};
		9A5745051D290AB300F66A93 /* Debug */ = {
			isa = XCBuildConfiguration;
			buildSettings = {
				BUNDLE_LOADER = "$(TEST_HOST)";
				INFOPLIST_FILE = HoverTests/Info.plist;
				LD_RUNPATH_SEARCH_PATHS = "$(inherited) @executable_path/Frameworks @loader_path/Frameworks";
				PRODUCT_BUNDLE_IDENTIFIER = prbodas.HoverTests;
				PRODUCT_NAME = "$(TARGET_NAME)";
				TEST_HOST = "$(BUILT_PRODUCTS_DIR)/Hover.app/Hover";
			};
			name = Debug;
		};
		9A5745061D290AB300F66A93 /* Release */ = {
			isa = XCBuildConfiguration;
			buildSettings = {
				BUNDLE_LOADER = "$(TEST_HOST)";
				INFOPLIST_FILE = HoverTests/Info.plist;
				LD_RUNPATH_SEARCH_PATHS = "$(inherited) @executable_path/Frameworks @loader_path/Frameworks";
				PRODUCT_BUNDLE_IDENTIFIER = prbodas.HoverTests;
				PRODUCT_NAME = "$(TARGET_NAME)";
				TEST_HOST = "$(BUILT_PRODUCTS_DIR)/Hover.app/Hover";
			};
			name = Release;
		};
		9A5745081D290AB300F66A93 /* Debug */ = {
			isa = XCBuildConfiguration;
			buildSettings = {
				INFOPLIST_FILE = HoverUITests/Info.plist;
				LD_RUNPATH_SEARCH_PATHS = "$(inherited) @executable_path/Frameworks @loader_path/Frameworks";
				PRODUCT_BUNDLE_IDENTIFIER = prbodas.HoverUITests;
				PRODUCT_NAME = "$(TARGET_NAME)";
				TEST_TARGET_NAME = Hover;
			};
			name = Debug;
		};
		9A5745091D290AB300F66A93 /* Release */ = {
			isa = XCBuildConfiguration;
			buildSettings = {
				INFOPLIST_FILE = HoverUITests/Info.plist;
				LD_RUNPATH_SEARCH_PATHS = "$(inherited) @executable_path/Frameworks @loader_path/Frameworks";
				PRODUCT_BUNDLE_IDENTIFIER = prbodas.HoverUITests;
				PRODUCT_NAME = "$(TARGET_NAME)";
				TEST_TARGET_NAME = Hover;
			};
			name = Release;
		};
/* End XCBuildConfiguration section */

/* Begin XCConfigurationList section */
		9A5744D41D290AB300F66A93 /* Build configuration list for PBXProject "Hover" */ = {
			isa = XCConfigurationList;
			buildConfigurations = (
				9A5744FF1D290AB300F66A93 /* Debug */,
				9A5745001D290AB300F66A93 /* Release */,
			);
			defaultConfigurationIsVisible = 0;
			defaultConfigurationName = Release;
		};
		9A5745011D290AB300F66A93 /* Build configuration list for PBXNativeTarget "Hover" */ = {
			isa = XCConfigurationList;
			buildConfigurations = (
				9A5745021D290AB300F66A93 /* Debug */,
				9A5745031D290AB300F66A93 /* Release */,
			);
			defaultConfigurationIsVisible = 0;
			defaultConfigurationName = Release;
		};
		9A5745041D290AB300F66A93 /* Build configuration list for PBXNativeTarget "HoverTests" */ = {
			isa = XCConfigurationList;
			buildConfigurations = (
				9A5745051D290AB300F66A93 /* Debug */,
				9A5745061D290AB300F66A93 /* Release */,
			);
			defaultConfigurationIsVisible = 0;
			defaultConfigurationName = Release;
		};
		9A5745071D290AB300F66A93 /* Build configuration list for PBXNativeTarget "HoverUITests" */ = {
			isa = XCConfigurationList;
			buildConfigurations = (
				9A5745081D290AB300F66A93 /* Debug */,
				9A5745091D290AB300F66A93 /* Release */,
			);
			defaultConfigurationIsVisible = 0;
			defaultConfigurationName = Release;
		};
/* End XCConfigurationList section */
	};
	rootObject = 9A5744D11D290AB300F66A93 /* Project object */;
}
